
Microsoft Visual Studio Solution File, Format Version 12.00
# Visual Studio Version 17
VisualStudioVersion = 17.12.35527.113
MinimumVisualStudioVersion = 10.0.40219.1
Project("{FAE04EC0-301F-11D3-BF4B-00C04F79EFBC}") = "1-Introduction", "Introduction\1-Introduction.csproj", "{C5E5C5C3-D66A-4996-85FD-F362456A1D99}"
EndProject
Project("{FAE04EC0-301F-11D3-BF4B-00C04F79EFBC}") = "2-Ado.Net", "2-Ado.Net\2-Ado.Net.csproj", "{E41FA698-0128-49A3-B9C3-81D6F69FAD3B}"
EndProject
Project("{FAE04EC0-301F-11D3-BF4B-00C04F79EFBC}") = "3-OOPTemelPrensipler1", "3-OOPTemelPrensipler1\3-OOPTemelPrensipler1.csproj", "{6E40916B-6379-4AEA-AABD-D37026054539}"
EndProject
Project("{2150E333-8FDC-42A3-9474-1A3956D46DE8}") = "Solution Items", "Solution Items", "{8C960426-A4D4-465E-B566-445CB8717F9A}"
	ProjectSection(SolutionItems) = preProject
		oopnotes.txt = oopnotes.txt
	EndProjectSection
EndProject
Project("{FAE04EC0-301F-11D3-BF4B-00C04F79EFBC}") = "4-OOPTemelPrensipler2", "4-OOPTemelPrensipler2\4-OOPTemelPrensipler2.csproj", "{84ADE437-CDF5-4221-8FD8-91B2C680158B}"
EndProject
Project("{FAE04EC0-301F-11D3-BF4B-00C04F79EFBC}") = "5-Interface1", "5-Interface1\5-Interface1.csproj", "{25920FD4-18E8-4FC5-8863-1F7C77F67629}"
EndProject
Project("{FAE04EC0-301F-11D3-BF4B-00C04F79EFBC}") = "6-Interface2", "6-Interface2\6-Interface2.csproj", "{EB9BEE36-3EC6-41B7-821F-4B0EB803D55A}"
EndProject
Project("{FAE04EC0-301F-11D3-BF4B-00C04F79EFBC}") = "7-BankProject", "7-BankProject\7-BankProject.csproj", "{C8806E06-2A87-42C7-B00B-468EAA17C351}"
EndProject
Project("{FAE04EC0-301F-11D3-BF4B-00C04F79EFBC}") = "8-EntityFrameworkCodeFirst", "8-EntityFrameworkCodeFirst\8-EntityFrameworkCodeFirst.csproj", "{78CA5B22-4992-403D-A43B-CBB80E6DFDB2}"
EndProject
Project("{FAE04EC0-301F-11D3-BF4B-00C04F79EFBC}") = "9-EFOnlineCourseDB", "9-EFOnlineCourseDB\9-EFOnlineCourseDB.csproj", "{0BEA3043-7421-4EB5-9C1E-FE07FDFC5990}"
EndProject
Global
	GlobalSection(SolutionConfigurationPlatforms) = preSolution
		Debug|Any CPU = Debug|Any CPU
		Release|Any CPU = Release|Any CPU
	EndGlobalSection
	GlobalSection(ProjectConfigurationPlatforms) = postSolution
		{C5E5C5C3-D66A-4996-85FD-F362456A1D99}.Debug|Any CPU.ActiveCfg = Debug|Any CPU
		{C5E5C5C3-D66A-4996-85FD-F362456A1D99}.Debug|Any CPU.Build.0 = Debug|Any CPU
		{C5E5C5C3-D66A-4996-85FD-F362456A1D99}.Release|Any CPU.ActiveCfg = Release|Any CPU
		{C5E5C5C3-D66A-4996-85FD-F362456A1D99}.Release|Any CPU.Build.0 = Release|Any CPU
		{E41FA698-0128-49A3-B9C3-81D6F69FAD3B}.Debug|Any CPU.ActiveCfg = Debug|Any CPU
		{E41FA698-0128-49A3-B9C3-81D6F69FAD3B}.Debug|Any CPU.Build.0 = Debug|Any CPU
		{E41FA698-0128-49A3-B9C3-81D6F69FAD3B}.Release|Any CPU.ActiveCfg = Release|Any CPU
		{E41FA698-0128-49A3-B9C3-81D6F69FAD3B}.Release|Any CPU.Build.0 = Release|Any CPU
		{6E40916B-6379-4AEA-AABD-D37026054539}.Debug|Any CPU.ActiveCfg = Debug|Any CPU
		{6E40916B-6379-4AEA-AABD-D37026054539}.Debug|Any CPU.Build.0 = Debug|Any CPU
		{6E40916B-6379-4AEA-AABD-D37026054539}.Release|Any CPU.ActiveCfg = Release|Any CPU
		{6E40916B-6379-4AEA-AABD-D37026054539}.Release|Any CPU.Build.0 = Release|Any CPU
		{84ADE437-CDF5-4221-8FD8-91B2C680158B}.Debug|Any CPU.ActiveCfg = Debug|Any CPU
		{84ADE437-CDF5-4221-8FD8-91B2C680158B}.Debug|Any CPU.Build.0 = Debug|Any CPU
		{84ADE437-CDF5-4221-8FD8-91B2C680158B}.Release|Any CPU.ActiveCfg = Release|Any CPU
		{84ADE437-CDF5-4221-8FD8-91B2C680158B}.Release|Any CPU.Build.0 = Release|Any CPU
		{25920FD4-18E8-4FC5-8863-1F7C77F67629}.Debug|Any CPU.ActiveCfg = Debug|Any CPU
		{25920FD4-18E8-4FC5-8863-1F7C77F67629}.Debug|Any CPU.Build.0 = Debug|Any CPU
		{25920FD4-18E8-4FC5-8863-1F7C77F67629}.Release|Any CPU.ActiveCfg = Release|Any CPU
		{25920FD4-18E8-4FC5-8863-1F7C77F67629}.Release|Any CPU.Build.0 = Release|Any CPU
		{EB9BEE36-3EC6-41B7-821F-4B0EB803D55A}.Debug|Any CPU.ActiveCfg = Debug|Any CPU
		{EB9BEE36-3EC6-41B7-821F-4B0EB803D55A}.Debug|Any CPU.Build.0 = Debug|Any CPU
		{EB9BEE36-3EC6-41B7-821F-4B0EB803D55A}.Release|Any CPU.ActiveCfg = Release|Any CPU
		{EB9BEE36-3EC6-41B7-821F-4B0EB803D55A}.Release|Any CPU.Build.0 = Release|Any CPU
		{C8806E06-2A87-42C7-B00B-468EAA17C351}.Debug|Any CPU.ActiveCfg = Debug|Any CPU
		{C8806E06-2A87-42C7-B00B-468EAA17C351}.Debug|Any CPU.Build.0 = Debug|Any CPU
		{C8806E06-2A87-42C7-B00B-468EAA17C351}.Release|Any CPU.ActiveCfg = Release|Any CPU
		{C8806E06-2A87-42C7-B00B-468EAA17C351}.Release|Any CPU.Build.0 = Release|Any CPU
		{78CA5B22-4992-403D-A43B-CBB80E6DFDB2}.Debug|Any CPU.ActiveCfg = Debug|Any CPU
		{78CA5B22-4992-403D-A43B-CBB80E6DFDB2}.Debug|Any CPU.Build.0 = Debug|Any CPU
		{78CA5B22-4992-403D-A43B-CBB80E6DFDB2}.Release|Any CPU.ActiveCfg = Release|Any CPU
		{78CA5B22-4992-403D-A43B-CBB80E6DFDB2}.Release|Any CPU.Build.0 = Release|Any CPU
		{0BEA3043-7421-4EB5-9C1E-FE07FDFC5990}.Debug|Any CPU.ActiveCfg = Debug|Any CPU
		{0BEA3043-7421-4EB5-9C1E-FE07FDFC5990}.Debug|Any CPU.Build.0 = Debug|Any CPU
		{0BEA3043-7421-4EB5-9C1E-FE07FDFC5990}.Release|Any CPU.ActiveCfg = Release|Any CPU
		{0BEA3043-7421-4EB5-9C1E-FE07FDFC5990}.Release|Any CPU.Build.0 = Release|Any CPU
	EndGlobalSection
	GlobalSection(SolutionProperties) = preSolution
		HideSolutionNode = FALSE
	EndGlobalSection
EndGlobal
